
Microsoft Visual Studio Solution File, Format Version 12.00
# Visual Studio Version 16
VisualStudioVersion = 16.0.30406.217
MinimumVisualStudioVersion = 10.0.40219.1
Project("{FAE04EC0-301F-11D3-BF4B-00C04F79EFBC}") = "FormulaExercise", "FormulaExercise\FormulaExercise.csproj", "{B083F8C8-3EC8-4F09-93AE-E80CD1153DB8}"
EndProject
Global
	GlobalSection(SolutionConfigurationPlatforms) = preSolution
		Debug|Any CPU = Debug|Any CPU
		Release|Any CPU = Release|Any CPU
	EndGlobalSection
	GlobalSection(ProjectConfigurationPlatforms) = postSolution
		{B083F8C8-3EC8-4F09-93AE-E80CD1153DB8}.Debug|Any CPU.ActiveCfg = Debug|Any CPU
		{B083F8C8-3EC8-4F09-93AE-E80CD1153DB8}.Debug|Any CPU.Build.0 = Debug|Any CPU
		{B083F8C8-3EC8-4F09-93AE-E80CD1153DB8}.Release|Any CPU.ActiveCfg = Release|Any CPU
		{B083F8C8-3EC8-4F09-93AE-E80CD1153DB8}.Release|Any CPU.Build.0 = Release|Any CPU
	EndGlobalSection
	GlobalSection(SolutionProperties) = preSolution
		HideSolutionNode = FALSE
	EndGlobalSection
	GlobalSection(ExtensibilityGlobals) = postSolution
		SolutionGuid = {F21303BC-E4B8-4135-B67E-38AC3B663D23}
	EndGlobalSection
EndGlobal
